
Microsoft Visual Studio Solution File, Format Version 12.00
# Visual Studio 15
VisualStudioVersion = 15.0.28010.2041
MinimumVisualStudioVersion = 10.0.40219.1
Project("{FAE04EC0-301F-11D3-BF4B-00C04F79EFBC}") = "doan_ctdl_QuanLiNhanVien_DiepGiaHuu_NgKhacHoangPhi", "doan_ctdl_QuanLiNhanVien_DiepGiaHuu_NgKhacHoangPhi\doan_ctdl_QuanLiNhanVien_DiepGiaHuu_NgKhacHoangPhi.csproj", "{226E8479-3DF7-457F-B82B-BBABEF931AA1}"
EndProject
Global
	GlobalSection(SolutionConfigurationPlatforms) = preSolution
		Debug|Any CPU = Debug|Any CPU
		Release|Any CPU = Release|Any CPU
	EndGlobalSection
	GlobalSection(ProjectConfigurationPlatforms) = postSolution
		{226E8479-3DF7-457F-B82B-BBABEF931AA1}.Debug|Any CPU.ActiveCfg = Debug|Any CPU
		{226E8479-3DF7-457F-B82B-BBABEF931AA1}.Debug|Any CPU.Build.0 = Debug|Any CPU
		{226E8479-3DF7-457F-B82B-BBABEF931AA1}.Release|Any CPU.ActiveCfg = Release|Any CPU
		{226E8479-3DF7-457F-B82B-BBABEF931AA1}.Release|Any CPU.Build.0 = Release|Any CPU
	EndGlobalSection
	GlobalSection(SolutionProperties) = preSolution
		HideSolutionNode = FALSE
	EndGlobalSection
	GlobalSection(ExtensibilityGlobals) = postSolution
		SolutionGuid = {D3F83926-A3B9-4019-98B5-4DA343E05F09}
	EndGlobalSection
EndGlobal
